
Microsoft Visual Studio Solution File, Format Version 12.00
# Visual Studio Version 17
VisualStudioVersion = 17.11.35327.3
MinimumVisualStudioVersion = 10.0.40219.1
Project("{FAE04EC0-301F-11D3-BF4B-00C04F79EFBC}") = "WagesApp", "WagesApp\WagesApp.csproj", "{5C0714EE-F4E2-46BB-9D26-AAEC76860BDA}"
EndProject
Global
	GlobalSection(SolutionConfigurationPlatforms) = preSolution
		Debug|Any CPU = Debug|Any CPU
		Release|Any CPU = Release|Any CPU
	EndGlobalSection
	GlobalSection(ProjectConfigurationPlatforms) = postSolution
		{5C0714EE-F4E2-46BB-9D26-AAEC76860BDA}.Debug|Any CPU.ActiveCfg = Debug|Any CPU
		{5C0714EE-F4E2-46BB-9D26-AAEC76860BDA}.Debug|Any CPU.Build.0 = Debug|Any CPU
		{5C0714EE-F4E2-46BB-9D26-AAEC76860BDA}.Release|Any CPU.ActiveCfg = Release|Any CPU
		{5C0714EE-F4E2-46BB-9D26-AAEC76860BDA}.Release|Any CPU.Build.0 = Release|Any CPU
	EndGlobalSection
	GlobalSection(SolutionProperties) = preSolution
		HideSolutionNode = FALSE
	EndGlobalSection
	GlobalSection(ExtensibilityGlobals) = postSolution
		SolutionGuid = {5DA14DA9-4725-4BB5-BE55-06B38DF1B3EA}
	EndGlobalSection
EndGlobal
